
Microsoft Visual Studio Solution File, Format Version 12.00
# Visual Studio Version 17
VisualStudioVersion = 17.9.34622.214
MinimumVisualStudioVersion = 10.0.40219.1
Project("{FAE04EC0-301F-11D3-BF4B-00C04F79EFBC}") = "MockExam.Application", "MockExam.Application\MockExam.Application.csproj", "{274CB5B0-039D-4102-A65F-73B7ADEDFF17}"
EndProject
Project("{2150E333-8FDC-42A3-9474-1A3956D46DE8}") = "1 - Application", "1 - Application", "{89518D86-40D6-413C-AF49-2CDA237C4D91}"
EndProject
Project("{2150E333-8FDC-42A3-9474-1A3956D46DE8}") = "3 - Service", "3 - Service", "{025F74C1-6D81-467E-A082-B3A855BA3490}"
EndProject
Project("{2150E333-8FDC-42A3-9474-1A3956D46DE8}") = "2 - Domain", "2 - Domain", "{1CA05EAB-0ECF-47FE-B726-2C64D49AF690}"
EndProject
Project("{2150E333-8FDC-42A3-9474-1A3956D46DE8}") = "4 - Infra", "4 - Infra", "{979EB095-49D3-4A04-AFEF-E30741E755EB}"
EndProject
Project("{FAE04EC0-301F-11D3-BF4B-00C04F79EFBC}") = "MockExam.Domain", "MockExam.Domais\MockExam.Domain.csproj", "{0AF7BAC9-969E-4E3C-A71C-DCD79109A2D7}"
EndProject
Project("{FAE04EC0-301F-11D3-BF4B-00C04F79EFBC}") = "MockExam.Service", "MockExam.Service\MockExam.Service.csproj", "{0374AD8A-36EE-4904-A0D8-EE173C769BCB}"
EndProject
Project("{2150E333-8FDC-42A3-9474-1A3956D46DE8}") = "4.1 - Data", "4.1 - Data", "{1D30D564-3E1A-4D33-B173-9A05B3D0D52B}"
EndProject
Project("{2150E333-8FDC-42A3-9474-1A3956D46DE8}") = "4.2 - CrossCutting", "4.2 - CrossCutting", "{92D56867-9198-43B9-B6AC-AC792D6B823A}"
EndProject
Project("{2150E333-8FDC-42A3-9474-1A3956D46DE8}") = "5 - Test", "5 - Test", "{31C4AF3F-6B26-44A9-9351-26B92E0B5498}"
EndProject
Project("{2150E333-8FDC-42A3-9474-1A3956D46DE8}") = "5.1 - UnitTest", "5.1 - UnitTest", "{A8CFFD1E-8A5B-439F-87E5-60F327EF5AB9}"
EndProject
Project("{FAE04EC0-301F-11D3-BF4B-00C04F79EFBC}") = "MockExam.UnitTest", "MockExam.UnitTest\MockExam.UnitTest.csproj", "{231D55D1-72C3-4F0D-A368-B099C2220700}"
EndProject
Project("{FAE04EC0-301F-11D3-BF4B-00C04F79EFBC}") = "MockExam.Infra.Data", "MockExam.Infra.Data\MockExam.Infra.Data.csproj", "{14D5EAAE-7DCF-4F52-9937-070396757C21}"
EndProject
Project("{FAE04EC0-301F-11D3-BF4B-00C04F79EFBC}") = "MockExam.Infra.CrossCutting", "MockExam.Infra.CrossCutting\MockExam.Infra.CrossCutting.csproj", "{080BC6B2-E15C-4771-9DD7-DF66E4388C04}"
EndProject
Global
	GlobalSection(SolutionConfigurationPlatforms) = preSolution
		Debug|Any CPU = Debug|Any CPU
		Release|Any CPU = Release|Any CPU
	EndGlobalSection
	GlobalSection(ProjectConfigurationPlatforms) = postSolution
		{274CB5B0-039D-4102-A65F-73B7ADEDFF17}.Debug|Any CPU.ActiveCfg = Debug|Any CPU
		{274CB5B0-039D-4102-A65F-73B7ADEDFF17}.Debug|Any CPU.Build.0 = Debug|Any CPU
		{274CB5B0-039D-4102-A65F-73B7ADEDFF17}.Release|Any CPU.ActiveCfg = Release|Any CPU
		{274CB5B0-039D-4102-A65F-73B7ADEDFF17}.Release|Any CPU.Build.0 = Release|Any CPU
		{0AF7BAC9-969E-4E3C-A71C-DCD79109A2D7}.Debug|Any CPU.ActiveCfg = Debug|Any CPU
		{0AF7BAC9-969E-4E3C-A71C-DCD79109A2D7}.Debug|Any CPU.Build.0 = Debug|Any CPU
		{0AF7BAC9-969E-4E3C-A71C-DCD79109A2D7}.Release|Any CPU.ActiveCfg = Release|Any CPU
		{0AF7BAC9-969E-4E3C-A71C-DCD79109A2D7}.Release|Any CPU.Build.0 = Release|Any CPU
		{0374AD8A-36EE-4904-A0D8-EE173C769BCB}.Debug|Any CPU.ActiveCfg = Debug|Any CPU
		{0374AD8A-36EE-4904-A0D8-EE173C769BCB}.Debug|Any CPU.Build.0 = Debug|Any CPU
		{0374AD8A-36EE-4904-A0D8-EE173C769BCB}.Release|Any CPU.ActiveCfg = Release|Any CPU
		{0374AD8A-36EE-4904-A0D8-EE173C769BCB}.Release|Any CPU.Build.0 = Release|Any CPU
		{231D55D1-72C3-4F0D-A368-B099C2220700}.Debug|Any CPU.ActiveCfg = Debug|Any CPU
		{231D55D1-72C3-4F0D-A368-B099C2220700}.Debug|Any CPU.Build.0 = Debug|Any CPU
		{231D55D1-72C3-4F0D-A368-B099C2220700}.Release|Any CPU.ActiveCfg = Release|Any CPU
		{231D55D1-72C3-4F0D-A368-B099C2220700}.Release|Any CPU.Build.0 = Release|Any CPU
		{14D5EAAE-7DCF-4F52-9937-070396757C21}.Debug|Any CPU.ActiveCfg = Debug|Any CPU
		{14D5EAAE-7DCF-4F52-9937-070396757C21}.Debug|Any CPU.Build.0 = Debug|Any CPU
		{14D5EAAE-7DCF-4F52-9937-070396757C21}.Release|Any CPU.ActiveCfg = Release|Any CPU
		{14D5EAAE-7DCF-4F52-9937-070396757C21}.Release|Any CPU.Build.0 = Release|Any CPU
		{080BC6B2-E15C-4771-9DD7-DF66E4388C04}.Debug|Any CPU.ActiveCfg = Debug|Any CPU
		{080BC6B2-E15C-4771-9DD7-DF66E4388C04}.Debug|Any CPU.Build.0 = Debug|Any CPU
		{080BC6B2-E15C-4771-9DD7-DF66E4388C04}.Release|Any CPU.ActiveCfg = Release|Any CPU
		{080BC6B2-E15C-4771-9DD7-DF66E4388C04}.Release|Any CPU.Build.0 = Release|Any CPU
	EndGlobalSection
	GlobalSection(SolutionProperties) = preSolution
		HideSolutionNode = FALSE
	EndGlobalSection
	GlobalSection(NestedProjects) = preSolution
		{274CB5B0-039D-4102-A65F-73B7ADEDFF17} = {89518D86-40D6-413C-AF49-2CDA237C4D91}
		{0AF7BAC9-969E-4E3C-A71C-DCD79109A2D7} = {1CA05EAB-0ECF-47FE-B726-2C64D49AF690}
		{0374AD8A-36EE-4904-A0D8-EE173C769BCB} = {025F74C1-6D81-467E-A082-B3A855BA3490}
		{1D30D564-3E1A-4D33-B173-9A05B3D0D52B} = {979EB095-49D3-4A04-AFEF-E30741E755EB}
		{92D56867-9198-43B9-B6AC-AC792D6B823A} = {979EB095-49D3-4A04-AFEF-E30741E755EB}
		{A8CFFD1E-8A5B-439F-87E5-60F327EF5AB9} = {31C4AF3F-6B26-44A9-9351-26B92E0B5498}
		{231D55D1-72C3-4F0D-A368-B099C2220700} = {A8CFFD1E-8A5B-439F-87E5-60F327EF5AB9}
		{14D5EAAE-7DCF-4F52-9937-070396757C21} = {1D30D564-3E1A-4D33-B173-9A05B3D0D52B}
		{080BC6B2-E15C-4771-9DD7-DF66E4388C04} = {92D56867-9198-43B9-B6AC-AC792D6B823A}
	EndGlobalSection
	GlobalSection(ExtensibilityGlobals) = postSolution
		SolutionGuid = {4619C95E-E0D2-44B0-858E-2245C6F4E215}
	EndGlobalSection
EndGlobal
